
Microsoft Visual Studio Solution File, Format Version 12.00
# Visual Studio Version 16
VisualStudioVersion = 16.0.30128.74
MinimumVisualStudioVersion = 10.0.40219.1
Project("{9A19103F-16F7-4668-BE54-9A1E7A4F7556}") = "SchanzenBerechner", "SchanzenBerechner\SchanzenBerechner.csproj", "{1CCBF5D5-1809-43D9-9C0B-672E8637E20F}"
EndProject
Project("{9A19103F-16F7-4668-BE54-9A1E7A4F7556}") = "Berechnung", "Berechnung\Berechnung.csproj", "{3CD9725F-4447-435B-8FC5-3B06366BE50C}"
EndProject
Project("{9A19103F-16F7-4668-BE54-9A1E7A4F7556}") = "BerechnungTests", "BerechnungTests\BerechnungTests.csproj", "{321CEEF6-2160-48BA-88D2-18E26316C57C}"
EndProject
Project("{9A19103F-16F7-4668-BE54-9A1E7A4F7556}") = "ICreateErrorInfo.Shapes", "ICreateErrorInfo.Shapes\ICreateErrorInfo.Shapes.csproj", "{1FF21830-63CE-499B-8C38-2C0D3FAB1955}"
EndProject
Global
	GlobalSection(SolutionConfigurationPlatforms) = preSolution
		Debug|Any CPU = Debug|Any CPU
		Release|Any CPU = Release|Any CPU
	EndGlobalSection
	GlobalSection(ProjectConfigurationPlatforms) = postSolution
		{1CCBF5D5-1809-43D9-9C0B-672E8637E20F}.Debug|Any CPU.ActiveCfg = Debug|Any CPU
		{1CCBF5D5-1809-43D9-9C0B-672E8637E20F}.Debug|Any CPU.Build.0 = Debug|Any CPU
		{1CCBF5D5-1809-43D9-9C0B-672E8637E20F}.Release|Any CPU.ActiveCfg = Release|Any CPU
		{1CCBF5D5-1809-43D9-9C0B-672E8637E20F}.Release|Any CPU.Build.0 = Release|Any CPU
		{3CD9725F-4447-435B-8FC5-3B06366BE50C}.Debug|Any CPU.ActiveCfg = Debug|Any CPU
		{3CD9725F-4447-435B-8FC5-3B06366BE50C}.Debug|Any CPU.Build.0 = Debug|Any CPU
		{3CD9725F-4447-435B-8FC5-3B06366BE50C}.Release|Any CPU.ActiveCfg = Release|Any CPU
		{3CD9725F-4447-435B-8FC5-3B06366BE50C}.Release|Any CPU.Build.0 = Release|Any CPU
		{321CEEF6-2160-48BA-88D2-18E26316C57C}.Debug|Any CPU.ActiveCfg = Debug|Any CPU
		{321CEEF6-2160-48BA-88D2-18E26316C57C}.Debug|Any CPU.Build.0 = Debug|Any CPU
		{321CEEF6-2160-48BA-88D2-18E26316C57C}.Release|Any CPU.ActiveCfg = Release|Any CPU
		{321CEEF6-2160-48BA-88D2-18E26316C57C}.Release|Any CPU.Build.0 = Release|Any CPU
		{1FF21830-63CE-499B-8C38-2C0D3FAB1955}.Debug|Any CPU.ActiveCfg = Debug|Any CPU
		{1FF21830-63CE-499B-8C38-2C0D3FAB1955}.Debug|Any CPU.Build.0 = Debug|Any CPU
		{1FF21830-63CE-499B-8C38-2C0D3FAB1955}.Release|Any CPU.ActiveCfg = Release|Any CPU
		{1FF21830-63CE-499B-8C38-2C0D3FAB1955}.Release|Any CPU.Build.0 = Release|Any CPU
	EndGlobalSection
	GlobalSection(SolutionProperties) = preSolution
		HideSolutionNode = FALSE
	EndGlobalSection
	GlobalSection(ExtensibilityGlobals) = postSolution
		SolutionGuid = {4671FC6E-0795-4C70-8D72-84E79DCA4557}
	EndGlobalSection
EndGlobal
